# This file is autogenerated, do not edit; changes may be undone by the next 'dep ensure'.


[[projects]]
  name = "github.com/airbrake/gobrake"
  packages = [
    ".",
    "internal/lrucache"
  ]
  revision = "8c34c718cb37ecd767b0638873965763e41d393c"
  version = "v3.6.1"

[[projects]]
  branch = "master"
  name = "github.com/ferux/phrasegen"
  packages = [
    "markov",
    "utils"
  ]
  revision = "7c63843e86d37af4c420012f21924272c3baf972"

[[projects]]
  name = "github.com/joho/godotenv"
  packages = ["."]
  revision = "a79fa1e548e2c689c241d10173efd51e5d689d5b"
  version = "v1.2.0"

[[projects]]
  name = "github.com/pkg/errors"
  packages = ["."]
  revision = "645ef00459ed84a119197bfb8d8205042c6df63d"
  version = "v0.8.0"

[[projects]]
  name = "github.com/sirupsen/logrus"
  packages = ["."]
  revision = "3e01752db0189b9157070a0e1668a620f9a85da2"
  version = "v1.0.6"

[[projects]]
  branch = "master"
  name = "golang.org/x/crypto"
  packages = ["ssh/terminal"]
  revision = "614d502a4dac94afa3a6ce146bd1736da82514c6"

[[projects]]
  branch = "master"
  name = "golang.org/x/sys"
  packages = [
    "unix",
    "windows"
  ]
  revision = "4910a1d54f876d7b22162a85f4d066d3ee649450"

[solve-meta]
  analyzer-name = "dep"
  analyzer-version = 1
  inputs-digest = "1401d8b082fad4f52b0e085a796986d07f9f9ccb3926c9a01619ea7c881718a5"
  solver-name = "gps-cdcl"
  solver-version = 1
